// !$*UTF8*$!
{
	archiveVersion = 1;
	classes = {
	};
	objectVersion = 46;
	objects = {

/* Begin PBXBuildFile section */
		562E411A1E4AC90D0096B0A3 /* LocationPickerViewController.swift in Sources */ = {isa = PBXBuildFile; fileRef = 562E41191E4AC90D0096B0A3 /* LocationPickerViewController.swift */; };
		562E411C1E4AC9700096B0A3 /* Location.swift in Sources */ = {isa = PBXBuildFile; fileRef = 562E411B1E4AC9700096B0A3 /* Location.swift */; };
		56573DAE1E47C32B0053822B /* AppDelegate.swift in Sources */ = {isa = PBXBuildFile; fileRef = 56573DAD1E47C32B0053822B /* AppDelegate.swift */; };
		56573DB31E47C32B0053822B /* Main.storyboard in Resources */ = {isa = PBXBuildFile; fileRef = 56573DB11E47C32B0053822B /* Main.storyboard */; };
		56573DB51E47C32B0053822B /* Images.xcassets in Resources */ = {isa = PBXBuildFile; fileRef = 56573DB41E47C32B0053822B /* Images.xcassets */; };
		56573DB81E47C32B0053822B /* LaunchScreen.xib in Resources */ = {isa = PBXBuildFile; fileRef = 56573DB61E47C32B0053822B /* LaunchScreen.xib */; };
		56573DC41E47C32B0053822B /* GeoMindersTests.swift in Sources */ = {isa = PBXBuildFile; fileRef = 56573DC31E47C32B0053822B /* GeoMindersTests.swift */; };
		56573DD01E47C49B0053822B /* RemindersViewController.swift in Sources */ = {isa = PBXBuildFile; fileRef = 56573DCF1E47C49B0053822B /* RemindersViewController.swift */; };
		56573DD21E47D2FC0053822B /* ReminderItem.swift in Sources */ = {isa = PBXBuildFile; fileRef = 56573DD11E47D2FC0053822B /* ReminderItem.swift */; };
		56573DD41E47D8890053822B /* NewReminderCell.xib in Resources */ = {isa = PBXBuildFile; fileRef = 56573DD31E47D8890053822B /* NewReminderCell.xib */; };
		56573DD61E47DA200053822B /* NewReminderCell.swift in Sources */ = {isa = PBXBuildFile; fileRef = 56573DD51E47DA200053822B /* NewReminderCell.swift */; };
		56573DD91E47DA9E0053822B /* ReminderItemCell.swift in Sources */ = {isa = PBXBuildFile; fileRef = 56573DD71E47DA9E0053822B /* ReminderItemCell.swift */; };
		56573DDA1E47DA9E0053822B /* ReminderItemCell.xib in Resources */ = {isa = PBXBuildFile; fileRef = 56573DD81E47DA9E0053822B /* ReminderItemCell.xib */; };
		56CB4A1F1E49815D0078E69F /* ReminderItemDetailViewController.swift in Sources */ = {isa = PBXBuildFile; fileRef = 56CB4A1E1E49815D0078E69F /* ReminderItemDetailViewController.swift */; };
		56EEA7981E4A291300EF00EA /* DocumentFunctions.swift in Sources */ = {isa = PBXBuildFile; fileRef = 56EEA7971E4A291300EF00EA /* DocumentFunctions.swift */; };
/* End PBXBuildFile section */

/* Begin PBXContainerItemProxy section */
		56573DBE1E47C32B0053822B /* PBXContainerItemProxy */ = {
			isa = PBXContainerItemProxy;
			containerPortal = 56573DA01E47C32B0053822B /* Project object */;
			proxyType = 1;
			remoteGlobalIDString = 56573DA71E47C32B0053822B;
			remoteInfo = GeoMinders;
		};
/* End PBXContainerItemProxy section */

/* Begin PBXFileReference section */
		562E41191E4AC90D0096B0A3 /* LocationPickerViewController.swift */ = {isa = PBXFileReference; fileEncoding = 4; lastKnownFileType = sourcecode.swift; path = LocationPickerViewController.swift; sourceTree = "<group>"; };
		562E411B1E4AC9700096B0A3 /* Location.swift */ = {isa = PBXFileReference; fileEncoding = 4; lastKnownFileType = sourcecode.swift; path = Location.swift; sourceTree = "<group>"; };
		56573DA81E47C32B0053822B /* GeoMinders.app */ = {isa = PBXFileReference; explicitFileType = wrapper.application; includeInIndex = 0; path = GeoMinders.app; sourceTree = BUILT_PRODUCTS_DIR; };
		56573DAC1E47C32B0053822B /* Info.plist */ = {isa = PBXFileReference; lastKnownFileType = text.plist.xml; path = Info.plist; sourceTree = "<group>"; };
		56573DAD1E47C32B0053822B /* AppDelegate.swift */ = {isa = PBXFileReference; lastKnownFileType = sourcecode.swift; path = AppDelegate.swift; sourceTree = "<group>"; };
		56573DB21E47C32B0053822B /* Base */ = {isa = PBXFileReference; lastKnownFileType = file.storyboard; name = Base; path = Base.lproj/Main.storyboard; sourceTree = "<group>"; };
		56573DB41E47C32B0053822B /* Images.xcassets */ = {isa = PBXFileReference; lastKnownFileType = folder.assetcatalog; path = Images.xcassets; sourceTree = "<group>"; };
		56573DB71E47C32B0053822B /* Base */ = {isa = PBXFileReference; lastKnownFileType = file.xib; name = Base; path = Base.lproj/LaunchScreen.xib; sourceTree = "<group>"; };
		56573DBD1E47C32B0053822B /* GeoMindersTests.xctest */ = {isa = PBXFileReference; explicitFileType = wrapper.cfbundle; includeInIndex = 0; path = GeoMindersTests.xctest; sourceTree = BUILT_PRODUCTS_DIR; };
		56573DC21E47C32B0053822B /* Info.plist */ = {isa = PBXFileReference; lastKnownFileType = text.plist.xml; path = Info.plist; sourceTree = "<group>"; };
		56573DC31E47C32B0053822B /* GeoMindersTests.swift */ = {isa = PBXFileReference; lastKnownFileType = sourcecode.swift; path = GeoMindersTests.swift; sourceTree = "<group>"; };
		56573DCF1E47C49B0053822B /* RemindersViewController.swift */ = {isa = PBXFileReference; fileEncoding = 4; lastKnownFileType = sourcecode.swift; path = RemindersViewController.swift; sourceTree = "<group>"; };
		56573DD11E47D2FC0053822B /* ReminderItem.swift */ = {isa = PBXFileReference; fileEncoding = 4; lastKnownFileType = sourcecode.swift; path = ReminderItem.swift; sourceTree = "<group>"; };
		56573DD31E47D8890053822B /* NewReminderCell.xib */ = {isa = PBXFileReference; fileEncoding = 4; lastKnownFileType = file.xib; path = NewReminderCell.xib; sourceTree = "<group>"; };
		56573DD51E47DA200053822B /* NewReminderCell.swift */ = {isa = PBXFileReference; fileEncoding = 4; lastKnownFileType = sourcecode.swift; path = NewReminderCell.swift; sourceTree = "<group>"; };
		56573DD71E47DA9E0053822B /* ReminderItemCell.swift */ = {isa = PBXFileReference; fileEncoding = 4; lastKnownFileType = sourcecode.swift; path = ReminderItemCell.swift; sourceTree = "<group>"; };
		56573DD81E47DA9E0053822B /* ReminderItemCell.xib */ = {isa = PBXFileReference; fileEncoding = 4; lastKnownFileType = file.xib; path = ReminderItemCell.xib; sourceTree = "<group>"; };
		56CB4A1E1E49815D0078E69F /* ReminderItemDetailViewController.swift */ = {isa = PBXFileReference; fileEncoding = 4; lastKnownFileType = sourcecode.swift; path = ReminderItemDetailViewController.swift; sourceTree = "<group>"; };
		56EEA7971E4A291300EF00EA /* DocumentFunctions.swift */ = {isa = PBXFileReference; fileEncoding = 4; lastKnownFileType = sourcecode.swift; path = DocumentFunctions.swift; sourceTree = "<group>"; };
/* End PBXFileReference section */

/* Begin PBXFrameworksBuildPhase section */
		56573DA51E47C32B0053822B /* Frameworks */ = {
			isa = PBXFrameworksBuildPhase;
			buildActionMask = 2147483647;
			files = (
			);
			runOnlyForDeploymentPostprocessing = 0;
		};
		56573DBA1E47C32B0053822B /* Frameworks */ = {
			isa = PBXFrameworksBuildPhase;
			buildActionMask = 2147483647;
			files = (
			);
			runOnlyForDeploymentPostprocessing = 0;
		};
/* End PBXFrameworksBuildPhase section */

/* Begin PBXGroup section */
		56573D9F1E47C32B0053822B = {
			isa = PBXGroup;
			children = (
				56573DAA1E47C32B0053822B /* GeoMinders */,
				56573DC01E47C32B0053822B /* GeoMindersTests */,
				56573DA91E47C32B0053822B /* Products */,
			);
			sourceTree = "<group>";
		};
		56573DA91E47C32B0053822B /* Products */ = {
			isa = PBXGroup;
			children = (
				56573DA81E47C32B0053822B /* GeoMinders.app */,
				56573DBD1E47C32B0053822B /* GeoMindersTests.xctest */,
			);
			name = Products;
			sourceTree = "<group>";
		};
		56573DAA1E47C32B0053822B /* GeoMinders */ = {
			isa = PBXGroup;
			children = (
				56573DAD1E47C32B0053822B /* AppDelegate.swift */,
				56573DB11E47C32B0053822B /* Main.storyboard */,
				56573DB41E47C32B0053822B /* Images.xcassets */,
				56573DB61E47C32B0053822B /* LaunchScreen.xib */,
				56573DAB1E47C32B0053822B /* Supporting Files */,
				56573DCF1E47C49B0053822B /* RemindersViewController.swift */,
				56573DD11E47D2FC0053822B /* ReminderItem.swift */,
				56573DD31E47D8890053822B /* NewReminderCell.xib */,
				56573DD51E47DA200053822B /* NewReminderCell.swift */,
				56573DD71E47DA9E0053822B /* ReminderItemCell.swift */,
				56573DD81E47DA9E0053822B /* ReminderItemCell.xib */,
				56CB4A1E1E49815D0078E69F /* ReminderItemDetailViewController.swift */,
				56EEA7971E4A291300EF00EA /* DocumentFunctions.swift */,
				562E41191E4AC90D0096B0A3 /* LocationPickerViewController.swift */,
				562E411B1E4AC9700096B0A3 /* Location.swift */,
			);
			path = GeoMinders;
			sourceTree = "<group>";
		};
		56573DAB1E47C32B0053822B /* Supporting Files */ = {
			isa = PBXGroup;
			children = (
				56573DAC1E47C32B0053822B /* Info.plist */,
			);
			name = "Supporting Files";
			sourceTree = "<group>";
		};
		56573DC01E47C32B0053822B /* GeoMindersTests */ = {
			isa = PBXGroup;
			children = (
				56573DC31E47C32B0053822B /* GeoMindersTests.swift */,
				56573DC11E47C32B0053822B /* Supporting Files */,
			);
			path = GeoMindersTests;
			sourceTree = "<group>";
		};
		56573DC11E47C32B0053822B /* Supporting Files */ = {
			isa = PBXGroup;
			children = (
				56573DC21E47C32B0053822B /* Info.plist */,
			);
			name = "Supporting Files";
			sourceTree = "<group>";
		};
/* End PBXGroup section */

/* Begin PBXNativeTarget section */
		56573DA71E47C32B0053822B /* GeoMinders */ = {
			isa = PBXNativeTarget;
			buildConfigurationList = 56573DC71E47C32B0053822B /* Build configuration list for PBXNativeTarget "GeoMinders" */;
			buildPhases = (
				56573DA41E47C32B0053822B /* Sources */,
				56573DA51E47C32B0053822B /* Frameworks */,
				56573DA61E47C32B0053822B /* Resources */,
			);
			buildRules = (
			);
			dependencies = (
			);
			name = GeoMinders;
			productName = GeoMinders;
			productReference = 56573DA81E47C32B0053822B /* GeoMinders.app */;
			productType = "com.apple.product-type.application";
		};
		56573DBC1E47C32B0053822B /* GeoMindersTests */ = {
			isa = PBXNativeTarget;
			buildConfigurationList = 56573DCA1E47C32B0053822B /* Build configuration list for PBXNativeTarget "GeoMindersTests" */;
			buildPhases = (
				56573DB91E47C32B0053822B /* Sources */,
				56573DBA1E47C32B0053822B /* Frameworks */,
				56573DBB1E47C32B0053822B /* Resources */,
			);
			buildRules = (
			);
			dependencies = (
				56573DBF1E47C32B0053822B /* PBXTargetDependency */,
			);
			name = GeoMindersTests;
			productName = GeoMindersTests;
			productReference = 56573DBD1E47C32B0053822B /* GeoMindersTests.xctest */;
			productType = "com.apple.product-type.bundle.unit-test";
		};
/* End PBXNativeTarget section */

/* Begin PBXProject section */
		56573DA01E47C32B0053822B /* Project object */ = {
			isa = PBXProject;
			attributes = {
				LastUpgradeCheck = 0640;
				ORGANIZATIONNAME = "DANIEL DE VERE";
				TargetAttributes = {
					56573DA71E47C32B0053822B = {
						CreatedOnToolsVersion = 6.4;
					};
					56573DBC1E47C32B0053822B = {
						CreatedOnToolsVersion = 6.4;
						TestTargetID = 56573DA71E47C32B0053822B;
					};
				};
			};
			buildConfigurationList = 56573DA31E47C32B0053822B /* Build configuration list for PBXProject "GeoMinders" */;
			compatibilityVersion = "Xcode 3.2";
			developmentRegion = English;
			hasScannedForEncodings = 0;
			knownRegions = (
				en,
				Base,
			);
			mainGroup = 56573D9F1E47C32B0053822B;
			productRefGroup = 56573DA91E47C32B0053822B /* Products */;
			projectDirPath = "";
			projectRoot = "";
			targets = (
				56573DA71E47C32B0053822B /* GeoMinders */,
				56573DBC1E47C32B0053822B /* GeoMindersTests */,
			);
		};
/* End PBXProject section */

/* Begin PBXResourcesBuildPhase section */
		56573DA61E47C32B0053822B /* Resources */ = {
			isa = PBXResourcesBuildPhase;
			buildActionMask = 2147483647;
			files = (
				56573DD41E47D8890053822B /* NewReminderCell.xib in Resources */,
				56573DB31E47C32B0053822B /* Main.storyboard in Resources */,
				56573DB81E47C32B0053822B /* LaunchScreen.xib in Resources */,
				56573DB51E47C32B0053822B /* Images.xcassets in Resources */,
				56573DDA1E47DA9E0053822B /* ReminderItemCell.xib in Resources */,
			);
			runOnlyForDeploymentPostprocessing = 0;
		};
		56573DBB1E47C32B0053822B /* Resources */ = {
			isa = PBXResourcesBuildPhase;
			buildActionMask = 2147483647;
			files = (
			);
			runOnlyForDeploymentPostprocessing = 0;
		};
/* End PBXResourcesBuildPhase section */

/* Begin PBXSourcesBuildPhase section */
		56573DA41E47C32B0053822B /* Sources */ = {
			isa = PBXSourcesBuildPhase;
			buildActionMask = 2147483647;
			files = (
				56573DD61E47DA200053822B /* NewReminderCell.swift in Sources */,
				56573DD01E47C49B0053822B /* RemindersViewController.swift in Sources */,
				56573DD91E47DA9E0053822B /* ReminderItemCell.swift in Sources */,
				56EEA7981E4A291300EF00EA /* DocumentFunctions.swift in Sources */,
				562E411C1E4AC9700096B0A3 /* Location.swift in Sources */,
				56573DD21E47D2FC0053822B /* ReminderItem.swift in Sources */,
				56CB4A1F1E49815D0078E69F /* ReminderItemDetailViewController.swift in Sources */,
				56573DAE1E47C32B0053822B /* AppDelegate.swift in Sources */,
				562E411A1E4AC90D0096B0A3 /* LocationPickerViewController.swift in Sources */,
			);
			runOnlyForDeploymentPostprocessing = 0;
		};
		56573DB91E47C32B0053822B /* Sources */ = {
			isa = PBXSourcesBuildPhase;
			buildActionMask = 2147483647;
			files = (
				56573DC41E47C32B0053822B /* GeoMindersTests.swift in Sources */,
			);
			runOnlyForDeploymentPostprocessing = 0;
		};
/* End PBXSourcesBuildPhase section */

/* Begin PBXTargetDependency section */
		56573DBF1E47C32B0053822B /* PBXTargetDependency */ = {
			isa = PBXTargetDependency;
			target = 56573DA71E47C32B0053822B /* GeoMinders */;
			targetProxy = 56573DBE1E47C32B0053822B /* PBXContainerItemProxy */;
		};
/* End PBXTargetDependency section */

/* Begin PBXVariantGroup section */
		56573DB11E47C32B0053822B /* Main.storyboard */ = {
			isa = PBXVariantGroup;
			children = (
				56573DB21E47C32B0053822B /* Base */,
			);
			name = Main.storyboard;
			sourceTree = "<group>";
		};
		56573DB61E47C32B0053822B /* LaunchScreen.xib */ = {
			isa = PBXVariantGroup;
			children = (
				56573DB71E47C32B0053822B /* Base */,
			);
			name = LaunchScreen.xib;
			sourceTree = "<group>";
		};
/* End PBXVariantGroup section */

/* Begin XCBuildConfiguration section */
		56573DC51E47C32B0053822B /* Debug */ = {
			isa = XCBuildConfiguration;
			buildSettings = {
				ALWAYS_SEARCH_USER_PATHS = NO;
				CLANG_CXX_LANGUAGE_STANDARD = "gnu++0x";
				CLANG_CXX_LIBRARY = "libc++";
				CLANG_ENABLE_MODULES = YES;
				CLANG_ENABLE_OBJC_ARC = YES;
				CLANG_WARN_BOOL_CONVERSION = YES;
				CLANG_WARN_CONSTANT_CONVERSION = YES;
				CLANG_WARN_DIRECT_OBJC_ISA_USAGE = YES_ERROR;
				CLANG_WARN_EMPTY_BODY = YES;
				CLANG_WARN_ENUM_CONVERSION = YES;
				CLANG_WARN_INT_CONVERSION = YES;
				CLANG_WARN_OBJC_ROOT_CLASS = YES_ERROR;
				CLANG_WARN_UNREACHABLE_CODE = YES;
				CLANG_WARN__DUPLICATE_METHOD_MATCH = YES;
				"CODE_SIGN_IDENTITY[sdk=iphoneos*]" = "iPhone Developer";
				COPY_PHASE_STRIP = NO;
				DEBUG_INFORMATION_FORMAT = "dwarf-with-dsym";
				ENABLE_STRICT_OBJC_MSGSEND = YES;
				GCC_C_LANGUAGE_STANDARD = gnu99;
				GCC_DYNAMIC_NO_PIC = NO;
				GCC_NO_COMMON_BLOCKS = YES;
				GCC_OPTIMIZATION_LEVEL = 0;
				GCC_PREPROCESSOR_DEFINITIONS = (
					"DEBUG=1",
					"$(inherited)",
				);
				GCC_SYMBOLS_PRIVATE_EXTERN = NO;
				GCC_WARN_64_TO_32_BIT_CONVERSION = YES;
				GCC_WARN_ABOUT_RETURN_TYPE = YES_ERROR;
				GCC_WARN_UNDECLARED_SELECTOR = YES;
				GCC_WARN_UNINITIALIZED_AUTOS = YES_AGGRESSIVE;
				GCC_WARN_UNUSED_FUNCTION = YES;
				GCC_WARN_UNUSED_VARIABLE = YES;
				IPHONEOS_DEPLOYMENT_TARGET = 8.4;
				MTL_ENABLE_DEBUG_INFO = YES;
				ONLY_ACTIVE_ARCH = YES;
				SDKROOT = iphoneos;
				SWIFT_OPTIMIZATION_LEVEL = "-Onone";
			};
			name = Debug;
		};
		56573DC61E47C32B0053822B /* Release */ = {
			isa = XCBuildConfiguration;
			buildSettings = {
				ALWAYS_SEARCH_USER_PATHS = NO;
				CLANG_CXX_LANGUAGE_STANDARD = "gnu++0x";
				CLANG_CXX_LIBRARY = "libc++";
				CLANG_ENABLE_MODULES = YES;
				CLANG_ENABLE_OBJC_ARC = YES;
				CLANG_WARN_BOOL_CONVERSION = YES;
				CLANG_WARN_CONSTANT_CONVERSION = YES;
				CLANG_WARN_DIRECT_OBJC_ISA_USAGE = YES_ERROR;
				CLANG_WARN_EMPTY_BODY = YES;
				CLANG_WARN_ENUM_CONVERSION = YES;
				CLANG_WARN_INT_CONVERSION = YES;
				CLANG_WARN_OBJC_ROOT_CLASS = YES_ERROR;
				CLANG_WARN_UNREACHABLE_CODE = YES;
				CLANG_WARN__DUPLICATE_METHOD_MATCH = YES;
				"CODE_SIGN_IDENTITY[sdk=iphoneos*]" = "iPhone Developer";
				COPY_PHASE_STRIP = NO;
				DEBUG_INFORMATION_FORMAT = "dwarf-with-dsym";
				ENABLE_NS_ASSERTIONS = NO;
				ENABLE_STRICT_OBJC_MSGSEND = YES;
				GCC_C_LANGUAGE_STANDARD = gnu99;
				GCC_NO_COMMON_BLOCKS = YES;
				GCC_WARN_64_TO_32_BIT_CONVERSION = YES;
				GCC_WARN_ABOUT_RETURN_TYPE = YES_ERROR;
				GCC_WARN_UNDECLARED_SELECTOR = YES;
				GCC_WARN_UNINITIALIZED_AUTOS = YES_AGGRESSIVE;
				GCC_WARN_UNUSED_FUNCTION = YES;
				GCC_WARN_UNUSED_VARIABLE = YES;
				IPHONEOS_DEPLOYMENT_TARGET = 8.4;
				MTL_ENABLE_DEBUG_INFO = NO;
				SDKROOT = iphoneos;
				VALIDATE_PRODUCT = YES;
			};
			name = Release;
		};
		56573DC81E47C32B0053822B /* Debug */ = {
			isa = XCBuildConfiguration;
			buildSettings = {
				ASSETCATALOG_COMPILER_APPICON_NAME = AppIcon;
				INFOPLIST_FILE = GeoMinders/Info.plist;
				LD_RUNPATH_SEARCH_PATHS = "$(inherited) @executable_path/Frameworks";
				PRODUCT_NAME = "$(TARGET_NAME)";
			};
			name = Debug;
		};
		56573DC91E47C32B0053822B /* Release */ = {
			isa = XCBuildConfiguration;
			buildSettings = {
				ASSETCATALOG_COMPILER_APPICON_NAME = AppIcon;
				INFOPLIST_FILE = GeoMinders/Info.plist;
				LD_RUNPATH_SEARCH_PATHS = "$(inherited) @executable_path/Frameworks";
				PRODUCT_NAME = "$(TARGET_NAME)";
			};
			name = Release;
		};
		56573DCB1E47C32B0053822B /* Debug */ = {
			isa = XCBuildConfiguration;
			buildSettings = {
				BUNDLE_LOADER = "$(TEST_HOST)";
				FRAMEWORK_SEARCH_PATHS = (
					"$(SDKROOT)/Developer/Library/Frameworks",
					"$(inherited)",
				);
				GCC_PREPROCESSOR_DEFINITIONS = (
					"DEBUG=1",
					"$(inherited)",
				);
				INFOPLIST_FILE = GeoMindersTests/Info.plist;
				LD_RUNPATH_SEARCH_PATHS = "$(inherited) @executable_path/Frameworks @loader_path/Frameworks";
				PRODUCT_NAME = "$(TARGET_NAME)";
				TEST_HOST = "$(BUILT_PRODUCTS_DIR)/GeoMinders.app/GeoMinders";
			};
			name = Debug;
		};
		56573DCC1E47C32B0053822B /* Release */ = {
			isa = XCBuildConfiguration;
			buildSettings = {
				BUNDLE_LOADER = "$(TEST_HOST)";
				FRAMEWORK_SEARCH_PATHS = (
					"$(SDKROOT)/Developer/Library/Frameworks",
					"$(inherited)",
				);
				INFOPLIST_FILE = GeoMindersTests/Info.plist;
				LD_RUNPATH_SEARCH_PATHS = "$(inherited) @executable_path/Frameworks @loader_path/Frameworks";
				PRODUCT_NAME = "$(TARGET_NAME)";
				TEST_HOST = "$(BUILT_PRODUCTS_DIR)/GeoMinders.app/GeoMinders";
			};
			name = Release;
		};
/* End XCBuildConfiguration section */

/* Begin XCConfigurationList section */
		56573DA31E47C32B0053822B /* Build configuration list for PBXProject "GeoMinders" */ = {
			isa = XCConfigurationList;
			buildConfigurations = (
				56573DC51E47C32B0053822B /* Debug */,
				56573DC61E47C32B0053822B /* Release */,
			);
			defaultConfigurationIsVisible = 0;
			defaultConfigurationName = Release;
		};
		56573DC71E47C32B0053822B /* Build configuration list for PBXNativeTarget "GeoMinders" */ = {
			isa = XCConfigurationList;
			buildConfigurations = (
				56573DC81E47C32B0053822B /* Debug */,
				56573DC91E47C32B0053822B /* Release */,
			);
			defaultConfigurationIsVisible = 0;
			defaultConfigurationName = Release;
		};
		56573DCA1E47C32B0053822B /* Build configuration list for PBXNativeTarget "GeoMindersTests" */ = {
			isa = XCConfigurationList;
			buildConfigurations = (
				56573DCB1E47C32B0053822B /* Debug */,
				56573DCC1E47C32B0053822B /* Release */,
			);
			defaultConfigurationIsVisible = 0;
			defaultConfigurationName = Release;
		};
/* End XCConfigurationList section */
	};
	rootObject = 56573DA01E47C32B0053822B /* Project object */;
}
